
Microsoft Visual Studio Solution File, Format Version 12.00
# Visual Studio Version 17
VisualStudioVersion = 17.5.33530.505
MinimumVisualStudioVersion = 10.0.40219.1
Project("{FAE04EC0-301F-11D3-BF4B-00C04F79EFBC}") = "MyGym", "MyGym.csproj", "{65D03AA5-F1D7-4399-950E-6FDE9D839EE0}"
EndProject
Global
	GlobalSection(SolutionConfigurationPlatforms) = preSolution
		Debug|Any CPU = Debug|Any CPU
		Release|Any CPU = Release|Any CPU
	EndGlobalSection
	GlobalSection(ProjectConfigurationPlatforms) = postSolution
		{65D03AA5-F1D7-4399-950E-6FDE9D839EE0}.Debug|Any CPU.ActiveCfg = Debug|Any CPU
		{65D03AA5-F1D7-4399-950E-6FDE9D839EE0}.Debug|Any CPU.Build.0 = Debug|Any CPU
		{65D03AA5-F1D7-4399-950E-6FDE9D839EE0}.Release|Any CPU.ActiveCfg = Release|Any CPU
		{65D03AA5-F1D7-4399-950E-6FDE9D839EE0}.Release|Any CPU.Build.0 = Release|Any CPU
	EndGlobalSection
	GlobalSection(SolutionProperties) = preSolution
		HideSolutionNode = FALSE
	EndGlobalSection
	GlobalSection(ExtensibilityGlobals) = postSolution
		SolutionGuid = {1C46A485-1CD5-45EA-A0DB-A10A27543760}
	EndGlobalSection
EndGlobal
